
Microsoft Visual Studio Solution File, Format Version 12.00
# Visual Studio 2012
Project("{FAE04EC0-301F-11D3-BF4B-00C04F79EFBC}") = "ICT13580049A", "ICT13580049A\ICT13580049A.csproj", "{3B455F62-19ED-4B75-B130-E4CFB47351BF}"
EndProject
Project("{FAE04EC0-301F-11D3-BF4B-00C04F79EFBC}") = "ICT13580049A.iOS", "iOS\ICT13580049A.iOS.csproj", "{0CA0D0DF-C5C3-490A-971D-4FFE0B8693F0}"
EndProject
Global
	GlobalSection(SolutionConfigurationPlatforms) = preSolution
		Debug|Any CPU = Debug|Any CPU
		Release|Any CPU = Release|Any CPU
		Debug|iPhoneSimulator = Debug|iPhoneSimulator
		Release|iPhone = Release|iPhone
		Release|iPhoneSimulator = Release|iPhoneSimulator
		Debug|iPhone = Debug|iPhone
	EndGlobalSection
	GlobalSection(ProjectConfigurationPlatforms) = postSolution
		{3B455F62-19ED-4B75-B130-E4CFB47351BF}.Debug|Any CPU.ActiveCfg = Debug|Any CPU
		{3B455F62-19ED-4B75-B130-E4CFB47351BF}.Debug|Any CPU.Build.0 = Debug|Any CPU
		{3B455F62-19ED-4B75-B130-E4CFB47351BF}.Release|Any CPU.ActiveCfg = Release|Any CPU
		{3B455F62-19ED-4B75-B130-E4CFB47351BF}.Release|Any CPU.Build.0 = Release|Any CPU
		{3B455F62-19ED-4B75-B130-E4CFB47351BF}.Debug|iPhoneSimulator.ActiveCfg = Debug|Any CPU
		{3B455F62-19ED-4B75-B130-E4CFB47351BF}.Debug|iPhoneSimulator.Build.0 = Debug|Any CPU
		{3B455F62-19ED-4B75-B130-E4CFB47351BF}.Release|iPhone.ActiveCfg = Release|Any CPU
		{3B455F62-19ED-4B75-B130-E4CFB47351BF}.Release|iPhone.Build.0 = Release|Any CPU
		{3B455F62-19ED-4B75-B130-E4CFB47351BF}.Release|iPhoneSimulator.ActiveCfg = Release|Any CPU
		{3B455F62-19ED-4B75-B130-E4CFB47351BF}.Release|iPhoneSimulator.Build.0 = Release|Any CPU
		{3B455F62-19ED-4B75-B130-E4CFB47351BF}.Debug|iPhone.ActiveCfg = Debug|Any CPU
		{3B455F62-19ED-4B75-B130-E4CFB47351BF}.Debug|iPhone.Build.0 = Debug|Any CPU
		{0CA0D0DF-C5C3-490A-971D-4FFE0B8693F0}.Debug|Any CPU.ActiveCfg = Debug|iPhoneSimulator
		{0CA0D0DF-C5C3-490A-971D-4FFE0B8693F0}.Debug|Any CPU.Build.0 = Debug|iPhoneSimulator
		{0CA0D0DF-C5C3-490A-971D-4FFE0B8693F0}.Release|Any CPU.ActiveCfg = Release|iPhone
		{0CA0D0DF-C5C3-490A-971D-4FFE0B8693F0}.Release|Any CPU.Build.0 = Release|iPhone
		{0CA0D0DF-C5C3-490A-971D-4FFE0B8693F0}.Debug|iPhoneSimulator.ActiveCfg = Debug|iPhoneSimulator
		{0CA0D0DF-C5C3-490A-971D-4FFE0B8693F0}.Debug|iPhoneSimulator.Build.0 = Debug|iPhoneSimulator
		{0CA0D0DF-C5C3-490A-971D-4FFE0B8693F0}.Release|iPhone.ActiveCfg = Release|iPhone
		{0CA0D0DF-C5C3-490A-971D-4FFE0B8693F0}.Release|iPhone.Build.0 = Release|iPhone
		{0CA0D0DF-C5C3-490A-971D-4FFE0B8693F0}.Release|iPhoneSimulator.ActiveCfg = Release|iPhoneSimulator
		{0CA0D0DF-C5C3-490A-971D-4FFE0B8693F0}.Release|iPhoneSimulator.Build.0 = Release|iPhoneSimulator
		{0CA0D0DF-C5C3-490A-971D-4FFE0B8693F0}.Debug|iPhone.ActiveCfg = Debug|iPhone
		{0CA0D0DF-C5C3-490A-971D-4FFE0B8693F0}.Debug|iPhone.Build.0 = Debug|iPhone
	EndGlobalSection
EndGlobal
